
Microsoft Visual Studio Solution File, Format Version 12.00
# Visual Studio Version 16
VisualStudioVersion = 16.0.32413.511
MinimumVisualStudioVersion = 10.0.40219.1
Project("{8BC9CEB8-8B4A-11D0-8D11-00A0C91BC942}") = "toffi", "toffi\toffi.vcxproj", "{F1A8F949-20F4-4A34-A791-B4AF1906D266}"
EndProject
Global
	GlobalSection(SolutionConfigurationPlatforms) = preSolution
		Debug|x64 = Debug|x64
		Debug|x86 = Debug|x86
		Release|x64 = Release|x64
		Release|x86 = Release|x86
	EndGlobalSection
	GlobalSection(ProjectConfigurationPlatforms) = postSolution
		{F1A8F949-20F4-4A34-A791-B4AF1906D266}.Debug|x64.ActiveCfg = Debug|x64
		{F1A8F949-20F4-4A34-A791-B4AF1906D266}.Debug|x64.Build.0 = Debug|x64
		{F1A8F949-20F4-4A34-A791-B4AF1906D266}.Debug|x86.ActiveCfg = Debug|Win32
		{F1A8F949-20F4-4A34-A791-B4AF1906D266}.Debug|x86.Build.0 = Debug|Win32
		{F1A8F949-20F4-4A34-A791-B4AF1906D266}.Release|x64.ActiveCfg = Release|x64
		{F1A8F949-20F4-4A34-A791-B4AF1906D266}.Release|x64.Build.0 = Release|x64
		{F1A8F949-20F4-4A34-A791-B4AF1906D266}.Release|x86.ActiveCfg = Release|Win32
		{F1A8F949-20F4-4A34-A791-B4AF1906D266}.Release|x86.Build.0 = Release|Win32
	EndGlobalSection
	GlobalSection(SolutionProperties) = preSolution
		HideSolutionNode = FALSE
	EndGlobalSection
	GlobalSection(ExtensibilityGlobals) = postSolution
		SolutionGuid = {8E130E47-2C85-4896-AB78-A13785705956}
	EndGlobalSection
EndGlobal
